{
  "name": "basic",
  "version": "1.0.0",
  "lockfileVersion": 2,
  "requires": true,
  "packages": {
    "": {
      "version": "1.0.0",
      "license": "ISC",
      "dependencies": {
        "@trinsic/okapi": "^1.0.0-preview.27"
      },
      "devDependencies": {
        "@types/google-protobuf": "^3.15.2"
      }
    },
    "node_modules/@trinsic/okapi": {
      "version": "1.0.0-preview.27",
      "resolved": "https://registry.npmjs.org/@trinsic/okapi/-/okapi-1.0.0-preview.27.tgz",
      "integrity": "sha512-UNZHEqh3PPaCqDuvaDeNYFfRQJxxz3jSGXpTRkSZpblpIqzwMoOb7/yLhUQQ2XrsKTpI16nd6xXUPq70U2LxXA==",
      "dependencies": {
        "@trinsic/okapi-node": "^1.0.0-preview.27",
        "@trinsic/okapi-proto": "^1.0.0-preview.27",
        "@trinsic/okapi-web": "^1.0.0-preview.27",
        "google-protobuf": "^3.14.0-rc.3"
      }
    },
    "node_modules/@trinsic/okapi-node": {
      "version": "1.0.0-preview.27",
      "resolved": "https://registry.npmjs.org/@trinsic/okapi-node/-/okapi-node-1.0.0-preview.27.tgz",
      "integrity": "sha512-RvWLoCigo9QqqZ4jJdiicC/33kbFoxHJ4jXOWEc7THISPf/mrH62f3fZD2LJ1OuRQv5JSyDYWbJ4KWEzLOS0Jw=="
    },
    "node_modules/@trinsic/okapi-proto": {
      "version": "1.0.0-preview.27",
      "resolved": "https://registry.npmjs.org/@trinsic/okapi-proto/-/okapi-proto-1.0.0-preview.27.tgz",
      "integrity": "sha512-LkbqrNgXAHZk0lB44W+jcRpgmTf5IoAZJ+nnuxoXqbfXd7E7lpceAP4BCvHZEh0AW4sg4jUqrWAN0zb8xbi1Eg==",
      "dependencies": {
        "google-protobuf": "^3.14.0"
      }
    },
    "node_modules/@trinsic/okapi-web": {
      "version": "1.0.0-preview.27",
      "resolved": "https://registry.npmjs.org/@trinsic/okapi-web/-/okapi-web-1.0.0-preview.27.tgz",
      "integrity": "sha512-uHNr3r5zmmm/+YasFbuYAxLImSffOzrwtzocq9Z1n4aDZt+isI5eV3TaB6Qerr8Iw3MVs+RSPC4JrOZeXuoUQg=="
    },
    "node_modules/@types/google-protobuf": {
      "version": "3.15.3",
      "resolved": "https://registry.npmjs.org/@types/google-protobuf/-/google-protobuf-3.15.3.tgz",
      "integrity": "sha512-MDpu7lit927cdLtBzTPUFjXGANFUnu5ThPqjygY8XmCyI/oDlIA0jAi4sffGOxYaLK2CCxAuU9wGxsgAQbA6FQ==",
      "dev": true
    },
    "node_modules/google-protobuf": {
      "version": "3.17.3",
      "resolved": "https://registry.npmjs.org/google-protobuf/-/google-protobuf-3.17.3.tgz",
      "integrity": "sha512-OVPzcSWIAJ+d5yiHyeaLrdufQtrvaBrF4JQg+z8ynTkbO3uFcujqXszTumqg1cGsAsjkWnI+M5B1xZ19yR4Wyg=="
    }
  },
  "dependencies": {
    "@trinsic/okapi": {
      "version": "1.0.0-preview.27",
      "resolved": "https://registry.npmjs.org/@trinsic/okapi/-/okapi-1.0.0-preview.27.tgz",
      "integrity": "sha512-UNZHEqh3PPaCqDuvaDeNYFfRQJxxz3jSGXpTRkSZpblpIqzwMoOb7/yLhUQQ2XrsKTpI16nd6xXUPq70U2LxXA==",
      "requires": {
        "@trinsic/okapi-node": "^1.0.0-preview.27",
        "@trinsic/okapi-proto": "^1.0.0-preview.27",
        "@trinsic/okapi-web": "^1.0.0-preview.27",
        "google-protobuf": "^3.14.0-rc.3"
      }
    },
    "@trinsic/okapi-node": {
      "version": "1.0.0-preview.27",
      "resolved": "https://registry.npmjs.org/@trinsic/okapi-node/-/okapi-node-1.0.0-preview.27.tgz",
      "integrity": "sha512-RvWLoCigo9QqqZ4jJdiicC/33kbFoxHJ4jXOWEc7THISPf/mrH62f3fZD2LJ1OuRQv5JSyDYWbJ4KWEzLOS0Jw=="
    },
    "@trinsic/okapi-proto": {
      "version": "1.0.0-preview.27",
      "resolved": "https://registry.npmjs.org/@trinsic/okapi-proto/-/okapi-proto-1.0.0-preview.27.tgz",
      "integrity": "sha512-LkbqrNgXAHZk0lB44W+jcRpgmTf5IoAZJ+nnuxoXqbfXd7E7lpceAP4BCvHZEh0AW4sg4jUqrWAN0zb8xbi1Eg==",
      "requires": {
        "google-protobuf": "^3.14.0"
      }
    },
    "@trinsic/okapi-web": {
      "version": "1.0.0-preview.27",
      "resolved": "https://registry.npmjs.org/@trinsic/okapi-web/-/okapi-web-1.0.0-preview.27.tgz",
      "integrity": "sha512-uHNr3r5zmmm/+YasFbuYAxLImSffOzrwtzocq9Z1n4aDZt+isI5eV3TaB6Qerr8Iw3MVs+RSPC4JrOZeXuoUQg=="
    },
    "@types/google-protobuf": {
      "version": "3.15.3",
      "resolved": "https://registry.npmjs.org/@types/google-protobuf/-/google-protobuf-3.15.3.tgz",
      "integrity": "sha512-MDpu7lit927cdLtBzTPUFjXGANFUnu5ThPqjygY8XmCyI/oDlIA0jAi4sffGOxYaLK2CCxAuU9wGxsgAQbA6FQ==",
      "dev": true
    },
    "google-protobuf": {
      "version": "3.17.3",
      "resolved": "https://registry.npmjs.org/google-protobuf/-/google-protobuf-3.17.3.tgz",
      "integrity": "sha512-OVPzcSWIAJ+d5yiHyeaLrdufQtrvaBrF4JQg+z8ynTkbO3uFcujqXszTumqg1cGsAsjkWnI+M5B1xZ19yR4Wyg=="
    }
  }
}
